{
  "version": 4,
  "terraform_version": "1.9.8",
  "serial": 17,
  "lineage": "56600342-5631-8628-d392-86f7e9c901b8",
  "outputs": {
    "private_key": {
      "value": "-----BEGIN RSA PRIVATE KEY-----\nMIIEpAIBAAKCAQEAwp8rPKNotPRC+gB5Ws97Jv9WgqQnbnhskOvkcTGQT29CECQD\nD7rbm4TVGAXxrfv3DyPXhX3zQuOJqvpwNWIMgAjpwugy1BFuEYquS/QBggKWiN6j\nimifB19kE2aiEtOX6wKTwxNrXni5hPz56lLppVvqlU5AsuBalpdkiKK2lkGfQsE7\nAFgfKzhvVs9d1PKbDIt65ZAnvHwIV6QiaBO4t3N5b+oHEyG4+8I/cF1Zh4/hOJ8c\nJY2W0/KEpMY4cxoUTRbOx+pQq8lPcAF1x1lNb3R0/iQeGT9lJe9a66CEM19pPoAX\n+8drttlKK2l+43wcDCXJ2gf27g8aMsvS8/nASQIDAQABAoIBAQC4S9m5tlQ05wl1\njHVelRNdvnXBiIj+h3LnWToeJn0te4HnnvJ3Ns822fagpSBTTUKLR7mTY820DZwU\nGMuhAZQsukQCmbdoMok0e0rKCepTnvfF7G6ZZrERXjd6V7oqccxucyZRmFYYQ+IK\nGTTfvFwchooBkPSbbvDZoctFyC924E5aCtVSWIAvi5fxZPxJg4yopPDUGzmDMmmS\nkNkG8VzQZl/TXY3XB9Gby5odK7GDrStHn9WhhOrBMP8VVMUVCr5WhWaiM9hTzJmP\nUPz9KXL+3U3u5kfvjz+E22sRAZQxJ07mJQl/jg9SfZoqJyIR3/9pR/xXynkV5CGW\n5HMXRMPBAoGBAOc7peNHuXZGKF7Ukn0DUNqo8hgkYEnd0Ka2FIIakJhT9ilbKh9f\nKsOlrOd36dPq7xE4P7ZLXrX5tF3MHxIAOnx4+rfNIjF/unj8Yu49EJhmWhWZBCwJ\ngArmeJALL5nL0DZOPIO3AeN3p7lV704oERQSv7ePT5KbaNrdipi9XcV1AoGBANd3\npkbR9NzWS8favaevXJcjSpugWffp35WvYNEgq+IG+fh5ejhNyfF6ELL/q75PGW7Y\nYUHX5UUdg9SusZF+iiyfLaQj35dPrZBLFZfmQymXZjAFr91hFIN/dL8tJc1NsG4a\nJENqWCQKAoEtHu1TJSGTwp05YizIJFw6lQYGQ7EFAoGBANy0YSTrO8j5M+U3rk5m\nUNE0OkbyyXkXn+TPnAmGg4bxdN6KZk0lT7MIOl2AZg3giqj78Ev16oN0wERa5TkQ\nQMK30k6HHGD0ki6Sb3cHkAR2hPtiXsoNk0pUKrUKCDgagjSjPj1V+xZ7CfrrXAtU\nUODA+H6i6gd8EHv+wyAAdzVVAoGAbGE11Sek2DQ+l/+SKDeQBkHtNEy7FHWiTkOS\nGn8plh7WO8K21H1kV7+DiNYLyEU3UMcsXJdBLrvC5QceMEYLMJi8t3SH8i9U6WCr\nMuXS4KfT8dHafStoyyAgVE1cV2F9nlQt628heLdEPT+577xD0Bjn6nfDxyzBBVc+\nQHKEOBUCgYA9gjB3LvXJ/To+7PDDwGMlqn1VlCUnfcTjed6o31uP12ghEawqWgpv\no+c58AAwQ/MvpI+NCWg4roNAQFdTYyVp3aPfzbTKBnddNG+y9dIuq90SISHi624Y\nrygTLH+fWM5Kkd1Uvyy9+AgGQLuGpv471P8hLXeOcGRlTFqaE0xUGA==\n-----END RSA PRIVATE KEY-----\n",
      "type": "string",
      "sensitive": true
    },
    "public_key": {
      "value": "ssh-rsa AAAAB3NzaC1yc2EAAAADAQABAAABAQDCnys8o2i09EL6AHlaz3sm/1aCpCdueGyQ6+RxMZBPb0IQJAMPutubhNUYBfGt+/cPI9eFffNC44mq+nA1YgyACOnC6DLUEW4Riq5L9AGCApaI3qOKaJ8HX2QTZqIS05frApPDE2teeLmE/PnqUumlW+qVTkCy4FqWl2SIoraWQZ9CwTsAWB8rOG9Wz13U8psMi3rlkCe8fAhXpCJoE7i3c3lv6gcTIbj7wj9wXVmHj+E4nxwljZbT8oSkxjhzGhRNFs7H6lCryU9wAXXHWU1vdHT+JB4ZP2Ul71rroIQzX2k+gBf7x2u22UoraX7jfBwMJcnaB/buDxoyy9Lz+cBJ\n",
      "type": "string"
    }
  },
  "resources": [
    {
      "mode": "data",
      "type": "tls_public_key",
      "name": "Armageddon_London_kp",
      "provider": "provider[\"registry.terraform.io/hashicorp/tls\"]",
      "instances": [
        {
          "schema_version": 0,
          "attributes": {
            "algorithm": "RSA",
            "id": "4ccef08d6af69a8c6a2c604a058a41dc7bfe936b",
            "private_key_openssh": null,
            "private_key_pem": "-----BEGIN RSA PRIVATE KEY-----\nMIIEpAIBAAKCAQEAwp8rPKNotPRC+gB5Ws97Jv9WgqQnbnhskOvkcTGQT29CECQD\nD7rbm4TVGAXxrfv3DyPXhX3zQuOJqvpwNWIMgAjpwugy1BFuEYquS/QBggKWiN6j\nimifB19kE2aiEtOX6wKTwxNrXni5hPz56lLppVvqlU5AsuBalpdkiKK2lkGfQsE7\nAFgfKzhvVs9d1PKbDIt65ZAnvHwIV6QiaBO4t3N5b+oHEyG4+8I/cF1Zh4/hOJ8c\nJY2W0/KEpMY4cxoUTRbOx+pQq8lPcAF1x1lNb3R0/iQeGT9lJe9a66CEM19pPoAX\n+8drttlKK2l+43wcDCXJ2gf27g8aMsvS8/nASQIDAQABAoIBAQC4S9m5tlQ05wl1\njHVelRNdvnXBiIj+h3LnWToeJn0te4HnnvJ3Ns822fagpSBTTUKLR7mTY820DZwU\nGMuhAZQsukQCmbdoMok0e0rKCepTnvfF7G6ZZrERXjd6V7oqccxucyZRmFYYQ+IK\nGTTfvFwchooBkPSbbvDZoctFyC924E5aCtVSWIAvi5fxZPxJg4yopPDUGzmDMmmS\nkNkG8VzQZl/TXY3XB9Gby5odK7GDrStHn9WhhOrBMP8VVMUVCr5WhWaiM9hTzJmP\nUPz9KXL+3U3u5kfvjz+E22sRAZQxJ07mJQl/jg9SfZoqJyIR3/9pR/xXynkV5CGW\n5HMXRMPBAoGBAOc7peNHuXZGKF7Ukn0DUNqo8hgkYEnd0Ka2FIIakJhT9ilbKh9f\nKsOlrOd36dPq7xE4P7ZLXrX5tF3MHxIAOnx4+rfNIjF/unj8Yu49EJhmWhWZBCwJ\ngArmeJALL5nL0DZOPIO3AeN3p7lV704oERQSv7ePT5KbaNrdipi9XcV1AoGBANd3\npkbR9NzWS8favaevXJcjSpugWffp35WvYNEgq+IG+fh5ejhNyfF6ELL/q75PGW7Y\nYUHX5UUdg9SusZF+iiyfLaQj35dPrZBLFZfmQymXZjAFr91hFIN/dL8tJc1NsG4a\nJENqWCQKAoEtHu1TJSGTwp05YizIJFw6lQYGQ7EFAoGBANy0YSTrO8j5M+U3rk5m\nUNE0OkbyyXkXn+TPnAmGg4bxdN6KZk0lT7MIOl2AZg3giqj78Ev16oN0wERa5TkQ\nQMK30k6HHGD0ki6Sb3cHkAR2hPtiXsoNk0pUKrUKCDgagjSjPj1V+xZ7CfrrXAtU\nUODA+H6i6gd8EHv+wyAAdzVVAoGAbGE11Sek2DQ+l/+SKDeQBkHtNEy7FHWiTkOS\nGn8plh7WO8K21H1kV7+DiNYLyEU3UMcsXJdBLrvC5QceMEYLMJi8t3SH8i9U6WCr\nMuXS4KfT8dHafStoyyAgVE1cV2F9nlQt628heLdEPT+577xD0Bjn6nfDxyzBBVc+\nQHKEOBUCgYA9gjB3LvXJ/To+7PDDwGMlqn1VlCUnfcTjed6o31uP12ghEawqWgpv\no+c58AAwQ/MvpI+NCWg4roNAQFdTYyVp3aPfzbTKBnddNG+y9dIuq90SISHi624Y\nrygTLH+fWM5Kkd1Uvyy9+AgGQLuGpv471P8hLXeOcGRlTFqaE0xUGA==\n-----END RSA PRIVATE KEY-----\n",
            "public_key_fingerprint_md5": "e4:75:5d:a9:d1:c4:b9:91:4c:33:ad:b1:de:d6:0b:21",
            "public_key_fingerprint_sha256": "SHA256:7eSmDO36a0GsoI+vyk7mi1KktaBAD/KufSuXZYgHTAE",
            "public_key_openssh": "ssh-rsa AAAAB3NzaC1yc2EAAAADAQABAAABAQDCnys8o2i09EL6AHlaz3sm/1aCpCdueGyQ6+RxMZBPb0IQJAMPutubhNUYBfGt+/cPI9eFffNC44mq+nA1YgyACOnC6DLUEW4Riq5L9AGCApaI3qOKaJ8HX2QTZqIS05frApPDE2teeLmE/PnqUumlW+qVTkCy4FqWl2SIoraWQZ9CwTsAWB8rOG9Wz13U8psMi3rlkCe8fAhXpCJoE7i3c3lv6gcTIbj7wj9wXVmHj+E4nxwljZbT8oSkxjhzGhRNFs7H6lCryU9wAXXHWU1vdHT+JB4ZP2Ul71rroIQzX2k+gBf7x2u22UoraX7jfBwMJcnaB/buDxoyy9Lz+cBJ\n",
            "public_key_pem": "-----BEGIN PUBLIC KEY-----\nMIIBIjANBgkqhkiG9w0BAQEFAAOCAQ8AMIIBCgKCAQEAwp8rPKNotPRC+gB5Ws97\nJv9WgqQnbnhskOvkcTGQT29CECQDD7rbm4TVGAXxrfv3DyPXhX3zQuOJqvpwNWIM\ngAjpwugy1BFuEYquS/QBggKWiN6jimifB19kE2aiEtOX6wKTwxNrXni5hPz56lLp\npVvqlU5AsuBalpdkiKK2lkGfQsE7AFgfKzhvVs9d1PKbDIt65ZAnvHwIV6QiaBO4\nt3N5b+oHEyG4+8I/cF1Zh4/hOJ8cJY2W0/KEpMY4cxoUTRbOx+pQq8lPcAF1x1lN\nb3R0/iQeGT9lJe9a66CEM19pPoAX+8drttlKK2l+43wcDCXJ2gf27g8aMsvS8/nA\nSQIDAQAB\n-----END PUBLIC KEY-----\n"
          },
          "sensitive_attributes": [
            [
              {
                "type": "get_attr",
                "value": "private_key_openssh"
              }
            ],
            [
              {
                "type": "get_attr",
                "value": "private_key_pem"
              }
            ]
          ]
        }
      ]
    },
    {
      "mode": "managed",
      "type": "aws_eip",
      "name": "nat",
      "provider": "provider[\"registry.terraform.io/hashicorp/aws\"]",
      "instances": [
        {
          "schema_version": 0,
          "attributes": {
            "address": null,
            "allocation_id": "eipalloc-0a91e64a124cd4e08",
            "associate_with_private_ip": null,
            "association_id": "",
            "carrier_ip": "",
            "customer_owned_ip": "",
            "customer_owned_ipv4_pool": "",
            "domain": "vpc",
            "id": "eipalloc-0a91e64a124cd4e08",
            "instance": "",
            "network_border_group": "us-east-1",
            "network_interface": "",
            "private_dns": null,
            "private_ip": "",
            "public_dns": "ec2-3-218-111-199.compute-1.amazonaws.com",
            "public_ip": "3.218.111.199",
            "public_ipv4_pool": "amazon",
            "tags": {
              "Name": "nat"
            },
            "tags_all": {
              "Name": "nat"
            },
            "timeouts": null,
            "vpc": true
          },
          "sensitive_attributes": [],
          "private": "eyJlMmJmYjczMC1lY2FhLTExZTYtOGY4OC0zNDM2M2JjN2M0YzAiOnsiZGVsZXRlIjoxODAwMDAwMDAwMDAsInJlYWQiOjkwMDAwMDAwMDAwMCwidXBkYXRlIjozMDAwMDAwMDAwMDB9fQ=="
        }
      ]
    },
    {
      "mode": "managed",
      "type": "aws_internet_gateway",
      "name": "igw",
      "provider": "provider[\"registry.terraform.io/hashicorp/aws\"]",
      "instances": [
        {
          "schema_version": 0,
          "attributes": {
            "arn": "arn:aws:ec2:us-east-1:891377214961:internet-gateway/igw-02fcba051b3581945",
            "id": "igw-02fcba051b3581945",
            "owner_id": "891377214961",
            "tags": {
              "Name": "Armageddon_London_IG",
              "Owner": "Luke",
              "Planet": "Musafar",
              "Service": "application1"
            },
            "tags_all": {
              "Name": "Armageddon_London_IG",
              "Owner": "Luke",
              "Planet": "Musafar",
              "Service": "application1"
            },
            "vpc_id": "vpc-0cab950731fdbca25"
          },
          "sensitive_attributes": [],
          "private": "bnVsbA==",
          "dependencies": [
            "aws_vpc.Armageddon_London"
          ]
        }
      ]
    },
    {
      "mode": "managed",
      "type": "aws_launch_template",
      "name": "Armageddon_London_LT",
      "provider": "provider[\"registry.terraform.io/hashicorp/aws\"]",
      "instances": [
        {
          "schema_version": 0,
          "attributes": {
            "arn": "arn:aws:ec2:us-east-1:891377214961:launch-template/lt-0992b40bc3a4370e9",
            "block_device_mappings": [],
            "capacity_reservation_specification": [],
            "cpu_options": [],
            "credit_specification": [],
            "default_version": 1,
            "description": "",
            "disable_api_termination": false,
            "ebs_optimized": "",
            "elastic_gpu_specifications": [],
            "elastic_inference_accelerator": [],
            "enclave_options": [],
            "hibernation_options": [],
            "iam_instance_profile": [],
            "id": "lt-0992b40bc3a4370e9",
            "image_id": "ami-06ed60ed1369448bd",
            "instance_initiated_shutdown_behavior": "",
            "instance_market_options": [],
            "instance_type": "t2.micro",
            "kernel_id": "",
            "key_name": "MyLinuxBox",
            "latest_version": 1,
            "license_specification": [],
            "metadata_options": [],
            "monitoring": [],
            "name": "Armageddon_London_LT20241210030800298600000001",
            "name_prefix": "Armageddon_London_LT",
            "network_interfaces": [],
            "placement": [],
            "ram_disk_id": "",
            "security_group_names": null,
            "tag_specifications": [
              {
                "resource_type": "instance",
                "tags": {
                  "Name": "Armageddon_London_LT",
                  "Owner": "Chewbacca",
                  "Planet": "Mustafar",
                  "Service": "application1"
                }
              }
            ],
            "tags": null,
            "tags_all": {},
            "update_default_version": null,
            "user_data": "IyEvYmluL2Jhc2gKeXVtIHVwZGF0ZSAteQp5dW0gaW5zdGFsbCAteSBodHRwZApzeXN0ZW1jdGwgc3RhcnQgaHR0cGQKc3lzdGVtY3RsIGVuYWJsZSBodHRwZAoKIyBHZXQgdGhlIElNRFN2MiB0b2tlbgpUT0tFTj0kKGN1cmwgLVggUFVUICJodHRwOi8vMTY5LjI1NC4xNjkuMjU0L2xhdGVzdC9hcGkvdG9rZW4iIC1IICJYLWF3cy1lYzItbWV0YWRhdGEtdG9rZW4tdHRsLXNlY29uZHM6IDIxNjAwIikKCiMgQmFja2dyb3VuZCB0aGUgY3VybCByZXF1ZXN0cwpjdXJsIC1IICJYLWF3cy1lYzItbWV0YWRhdGEtdG9rZW46ICRUT0tFTiIgLXMgaHR0cDovLzE2OS4yNTQuMTY5LjI1NC9sYXRlc3QvbWV0YS1kYXRhL2xvY2FsLWlwdjQgJj4gL3RtcC9sb2NhbF9pcHY0ICYKY3VybCAtSCAiWC1hd3MtZWMyLW1ldGFkYXRhLXRva2VuOiAkVE9LRU4iIC1zIGh0dHA6Ly8xNjkuMjU0LjE2OS4yNTQvbGF0ZXN0L21ldGEtZGF0YS9wbGFjZW1lbnQvYXZhaWxhYmlsaXR5LXpvbmUgJj4gL3RtcC9heiAmCmN1cmwgLUggIlgtYXdzLWVjMi1tZXRhZGF0YS10b2tlbjogJFRPS0VOIiAtcyBodHRwOi8vMTY5LjI1NC4xNjkuMjU0L2xhdGVzdC9tZXRhLWRhdGEvbmV0d29yay9pbnRlcmZhY2VzL21hY3MvICY+IC90bXAvbWFjaWQgJgp3YWl0CgptYWNpZD0kKGNhdCAvdG1wL21hY2lkKQpsb2NhbF9pcHY0PSQoY2F0IC90bXAvbG9jYWxfaXB2NCkKYXo9JChjYXQgL3RtcC9heikKdnBjPSQoY3VybCAtSCAiWC1hd3MtZWMyLW1ldGFkYXRhLXRva2VuOiAkVE9LRU4iIC1zIGh0dHA6Ly8xNjkuMjU0LjE2OS4yNTQvbGF0ZXN0L21ldGEtZGF0YS9uZXR3b3JrL2ludGVyZmFjZXMvbWFjcy8kbWFjaWQvdnBjLWlkKQoKIyBDcmVhdGUgSFRNTCBmaWxlCmNhdCA8PC1IVE1MID4gL3Zhci93d3cvaHRtbC9pbmRleC5odG1sCjwhZG9jdHlwZSBodG1sPgo8aHRtbCBsYW5nPSJlbiIgY2xhc3M9ImgtMTAwIj4KPGhlYWQ+Cjx0aXRsZT5EZXRhaWxzIGZvciBFQzIgaW5zdGFuY2U8L3RpdGxlPgo8L2hlYWQ+Cjxib2R5Pgo8ZGl2Pgo8aDE+TWFsZ3VzIENsYW48L2gxPgo8aDE+Q2hhaW5zIEJyb2tlbiBpbiBJcmVsYW5kPC9oMT4KPHA+PGI+SW5zdGFuY2UgTmFtZTo8L2I+ICQoaG9zdG5hbWUgLWYpIDwvcD4KPHA+PGI+SW5zdGFuY2UgUHJpdmF0ZSBJcCBBZGRyZXNzOiA8L2I+ICRsb2NhbF9pcHY0PC9wPgo8cD48Yj5BdmFpbGFiaWxpdHkgWm9uZTogPC9iPiAkYXo8L3A+CjxwPjxiPlZpcnR1YWwgUHJpdmF0ZSBDbG91ZCAoVlBDKTo8L2I+ICR2cGM8L3A+CjwvZGl2Pgo8L2JvZHk+CjwvaHRtbD4KSFRNTAoKIyBDbGVhbiB1cCB0aGUgdGVtcCBmaWxlcwpybSAtZiAvdG1wL2xvY2FsX2lwdjQgL3RtcC9heiAvdG1wL21hY2lkCg==",
            "vpc_security_group_ids": [
              "sg-01a527200ef06fde9"
            ]
          },
          "sensitive_attributes": [],
          "private": "bnVsbA==",
          "dependencies": [
            "aws_security_group.Armageddon_London-sg01-servers",
            "aws_vpc.Armageddon_London"
          ],
          "create_before_destroy": true
        }
      ]
    },
    {
      "mode": "managed",
      "type": "aws_lb_target_group",
      "name": "Armageddon_London_tg",
      "provider": "provider[\"registry.terraform.io/hashicorp/aws\"]",
      "instances": [
        {
          "schema_version": 0,
          "attributes": {
            "arn": "arn:aws:elasticloadbalancing:us-east-1:891377214961:targetgroup/Armageddon-London-target-group/087a6bbe43a60ecf",
            "arn_suffix": "targetgroup/Armageddon-London-target-group/087a6bbe43a60ecf",
            "connection_termination": false,
            "deregistration_delay": "300",
            "health_check": [
              {
                "enabled": true,
                "healthy_threshold": 5,
                "interval": 30,
                "matcher": "200",
                "path": "/",
                "port": "traffic-port",
                "protocol": "HTTP",
                "timeout": 5,
                "unhealthy_threshold": 2
              }
            ],
            "id": "arn:aws:elasticloadbalancing:us-east-1:891377214961:targetgroup/Armageddon-London-target-group/087a6bbe43a60ecf",
            "lambda_multi_value_headers_enabled": false,
            "load_balancing_algorithm_type": "round_robin",
            "name": "Armageddon-London-target-group",
            "name_prefix": null,
            "port": 80,
            "preserve_client_ip": null,
            "protocol": "HTTP",
            "protocol_version": "HTTP1",
            "proxy_protocol_v2": false,
            "slow_start": 0,
            "stickiness": [
              {
                "cookie_duration": 86400,
                "cookie_name": "",
                "enabled": false,
                "type": "lb_cookie"
              }
            ],
            "tags": {
              "Name": "Armageddon-LondonTargetGroup",
              "Owner": "User",
              "Project": "Web Service",
              "Service": "Armageddon_London"
            },
            "tags_all": {
              "Name": "Armageddon-LondonTargetGroup",
              "Owner": "User",
              "Project": "Web Service",
              "Service": "Armageddon_London"
            },
            "target_type": "instance",
            "vpc_id": "vpc-0cab950731fdbca25"
          },
          "sensitive_attributes": [],
          "private": "bnVsbA==",
          "dependencies": [
            "aws_vpc.Armageddon_London"
          ]
        }
      ]
    },
    {
      "mode": "managed",
      "type": "aws_route_table",
      "name": "public",
      "provider": "provider[\"registry.terraform.io/hashicorp/aws\"]",
      "instances": [
        {
          "status": "tainted",
          "schema_version": 0,
          "attributes": {
            "arn": null,
            "id": "rtb-0c90a4cb06f210247",
            "owner_id": null,
            "propagating_vgws": [],
            "route": [
              {
                "carrier_gateway_id": "",
                "cidr_block": "10.57.0.0/16",
                "destination_prefix_list_id": "",
                "egress_only_gateway_id": "",
                "gateway_id": "igw-02fcba051b3581945",
                "instance_id": "",
                "ipv6_cidr_block": "",
                "local_gateway_id": "",
                "nat_gateway_id": "",
                "network_interface_id": "",
                "transit_gateway_id": "",
                "vpc_endpoint_id": "",
                "vpc_peering_connection_id": ""
              }
            ],
            "tags": {
              "Name": "public"
            },
            "tags_all": {
              "Name": "public"
            },
            "timeouts": null,
            "vpc_id": "vpc-0cab950731fdbca25"
          },
          "sensitive_attributes": [],
          "private": "eyJlMmJmYjczMC1lY2FhLTExZTYtOGY4OC0zNDM2M2JjN2M0YzAiOnsiY3JlYXRlIjozMDAwMDAwMDAwMDAsImRlbGV0ZSI6MzAwMDAwMDAwMDAwLCJ1cGRhdGUiOjEyMDAwMDAwMDAwMH19",
          "dependencies": [
            "aws_internet_gateway.igw",
            "aws_vpc.Armageddon_London"
          ]
        }
      ]
    },
    {
      "mode": "managed",
      "type": "aws_security_group",
      "name": "Armageddon_London-sg01-servers",
      "provider": "provider[\"registry.terraform.io/hashicorp/aws\"]",
      "instances": [
        {
          "schema_version": 1,
          "attributes": {
            "arn": "arn:aws:ec2:us-east-1:891377214961:security-group/sg-01a527200ef06fde9",
            "description": "Armageddon_London-sg01-servers",
            "egress": [
              {
                "cidr_blocks": [
                  "10.57.0.0/16"
                ],
                "description": "",
                "from_port": 0,
                "ipv6_cidr_blocks": [],
                "prefix_list_ids": [],
                "protocol": "-1",
                "security_groups": [],
                "self": false,
                "to_port": 0
              }
            ],
            "id": "sg-01a527200ef06fde9",
            "ingress": [
              {
                "cidr_blocks": [
                  "10.57.0.0/16"
                ],
                "description": "MyEvilBox",
                "from_port": 3389,
                "ipv6_cidr_blocks": [],
                "prefix_list_ids": [],
                "protocol": "tcp",
                "security_groups": [],
                "self": false,
                "to_port": 3389
              },
              {
                "cidr_blocks": [
                  "10.57.0.0/16"
                ],
                "description": "MyHomePage",
                "from_port": 80,
                "ipv6_cidr_blocks": [],
                "prefix_list_ids": [],
                "protocol": "tcp",
                "security_groups": [],
                "self": false,
                "to_port": 80
              },
              {
                "cidr_blocks": [
                  "10.57.0.0/16"
                ],
                "description": "SSH",
                "from_port": 22,
                "ipv6_cidr_blocks": [],
                "prefix_list_ids": [],
                "protocol": "tcp",
                "security_groups": [],
                "self": false,
                "to_port": 22
              }
            ],
            "name": "Armageddon_London-sg01-servers",
            "name_prefix": "",
            "owner_id": "891377214961",
            "revoke_rules_on_delete": false,
            "tags": {
              "Name": "Armageddon_London-sg01-servers",
              "Owner": "Luke",
              "Planet": "Musafar",
              "Service": "application1"
            },
            "tags_all": {
              "Name": "Armageddon_London-sg01-servers",
              "Owner": "Luke",
              "Planet": "Musafar",
              "Service": "application1"
            },
            "timeouts": null,
            "vpc_id": "vpc-0cab950731fdbca25"
          },
          "sensitive_attributes": [],
          "private": "eyJlMmJmYjczMC1lY2FhLTExZTYtOGY4OC0zNDM2M2JjN2M0YzAiOnsiY3JlYXRlIjo2MDAwMDAwMDAwMDAsImRlbGV0ZSI6OTAwMDAwMDAwMDAwfSwic2NoZW1hX3ZlcnNpb24iOiIxIn0=",
          "dependencies": [
            "aws_vpc.Armageddon_London"
          ],
          "create_before_destroy": true
        }
      ]
    },
    {
      "mode": "managed",
      "type": "aws_security_group",
      "name": "Armageddon_London-sg02-LB01",
      "provider": "provider[\"registry.terraform.io/hashicorp/aws\"]",
      "instances": [
        {
          "schema_version": 1,
          "attributes": {
            "arn": "arn:aws:ec2:us-east-1:891377214961:security-group/sg-0132b11b1d77b4787",
            "description": "Armageddon_London-sg02-LB01",
            "egress": [
              {
                "cidr_blocks": [
                  "10.57.0.0/16"
                ],
                "description": "",
                "from_port": 0,
                "ipv6_cidr_blocks": [],
                "prefix_list_ids": [],
                "protocol": "-1",
                "security_groups": [],
                "self": false,
                "to_port": 0
              }
            ],
            "id": "sg-0132b11b1d77b4787",
            "ingress": [
              {
                "cidr_blocks": [
                  "10.57.0.0/16"
                ],
                "description": "MyHomePage",
                "from_port": 80,
                "ipv6_cidr_blocks": [],
                "prefix_list_ids": [],
                "protocol": "tcp",
                "security_groups": [],
                "self": false,
                "to_port": 80
              }
            ],
            "name": "Armageddon_London-sg02-LB01",
            "name_prefix": "",
            "owner_id": "891377214961",
            "revoke_rules_on_delete": false,
            "tags": {
              "Name": "Armageddon_London-sg02-LB01",
              "Owner": "Luke",
              "Planet": "Musafar",
              "Service": "application1"
            },
            "tags_all": {
              "Name": "Armageddon_London-sg02-LB01",
              "Owner": "Luke",
              "Planet": "Musafar",
              "Service": "application1"
            },
            "timeouts": null,
            "vpc_id": "vpc-0cab950731fdbca25"
          },
          "sensitive_attributes": [],
          "private": "eyJlMmJmYjczMC1lY2FhLTExZTYtOGY4OC0zNDM2M2JjN2M0YzAiOnsiY3JlYXRlIjo2MDAwMDAwMDAwMDAsImRlbGV0ZSI6OTAwMDAwMDAwMDAwfSwic2NoZW1hX3ZlcnNpb24iOiIxIn0=",
          "dependencies": [
            "aws_vpc.Armageddon_London"
          ]
        }
      ]
    },
    {
      "mode": "managed",
      "type": "aws_vpc",
      "name": "Armageddon_London",
      "provider": "provider[\"registry.terraform.io/hashicorp/aws\"]",
      "instances": [
        {
          "schema_version": 1,
          "attributes": {
            "arn": "arn:aws:ec2:us-east-1:891377214961:vpc/vpc-0cab950731fdbca25",
            "assign_generated_ipv6_cidr_block": false,
            "cidr_block": "10.57.0.0/16",
            "default_network_acl_id": "acl-073ef5e5511de4365",
            "default_route_table_id": "rtb-0748cffa0d40c35d7",
            "default_security_group_id": "sg-080e282f2d75558cd",
            "dhcp_options_id": "dopt-081c2fedc6bdd3336",
            "enable_classiclink": false,
            "enable_classiclink_dns_support": false,
            "enable_dns_hostnames": false,
            "enable_dns_support": true,
            "id": "vpc-0cab950731fdbca25",
            "instance_tenancy": "default",
            "ipv4_ipam_pool_id": null,
            "ipv4_netmask_length": null,
            "ipv6_association_id": "",
            "ipv6_cidr_block": "",
            "ipv6_cidr_block_network_border_group": "",
            "ipv6_ipam_pool_id": "",
            "ipv6_netmask_length": 0,
            "main_route_table_id": "rtb-0748cffa0d40c35d7",
            "owner_id": "891377214961",
            "tags": {
              "Country": "Japan",
              "Name": "TheKingdom",
              "Owner": "Lemons",
              "Planet": "TheKingdom1",
              "Service": "setup1"
            },
            "tags_all": {
              "Country": "Japan",
              "Name": "TheKingdom",
              "Owner": "Lemons",
              "Planet": "TheKingdom1",
              "Service": "setup1"
            }
          },
          "sensitive_attributes": [],
          "private": "eyJzY2hlbWFfdmVyc2lvbiI6IjEifQ==",
          "create_before_destroy": true
        }
      ]
    },
    {
      "mode": "managed",
      "type": "tls_private_key",
      "name": "Armageddon_London_kp",
      "provider": "provider[\"registry.terraform.io/hashicorp/tls\"]",
      "instances": [
        {
          "schema_version": 1,
          "attributes": {
            "algorithm": "RSA",
            "ecdsa_curve": "P224",
            "id": "4ccef08d6af69a8c6a2c604a058a41dc7bfe936b",
            "private_key_openssh": "-----BEGIN OPENSSH PRIVATE KEY-----\nb3BlbnNzaC1rZXktdjEAAAAABG5vbmUAAAAEbm9uZQAAAAAAAAABAAABFwAAAAdz\nc2gtcnNhAAAAAwEAAQAAAQEAwp8rPKNotPRC+gB5Ws97Jv9WgqQnbnhskOvkcTGQ\nT29CECQDD7rbm4TVGAXxrfv3DyPXhX3zQuOJqvpwNWIMgAjpwugy1BFuEYquS/QB\nggKWiN6jimifB19kE2aiEtOX6wKTwxNrXni5hPz56lLppVvqlU5AsuBalpdkiKK2\nlkGfQsE7AFgfKzhvVs9d1PKbDIt65ZAnvHwIV6QiaBO4t3N5b+oHEyG4+8I/cF1Z\nh4/hOJ8cJY2W0/KEpMY4cxoUTRbOx+pQq8lPcAF1x1lNb3R0/iQeGT9lJe9a66CE\nM19pPoAX+8drttlKK2l+43wcDCXJ2gf27g8aMsvS8/nASQAAA7jtBPfi7QT34gAA\nAAdzc2gtcnNhAAABAQDCnys8o2i09EL6AHlaz3sm/1aCpCdueGyQ6+RxMZBPb0IQ\nJAMPutubhNUYBfGt+/cPI9eFffNC44mq+nA1YgyACOnC6DLUEW4Riq5L9AGCApaI\n3qOKaJ8HX2QTZqIS05frApPDE2teeLmE/PnqUumlW+qVTkCy4FqWl2SIoraWQZ9C\nwTsAWB8rOG9Wz13U8psMi3rlkCe8fAhXpCJoE7i3c3lv6gcTIbj7wj9wXVmHj+E4\nnxwljZbT8oSkxjhzGhRNFs7H6lCryU9wAXXHWU1vdHT+JB4ZP2Ul71rroIQzX2k+\ngBf7x2u22UoraX7jfBwMJcnaB/buDxoyy9Lz+cBJAAAAAwEAAQAAAQEAuEvZubZU\nNOcJdYx1XpUTXb51wYiI/ody51k6HiZ9LXuB557ydzbPNtn2oKUgU01Ci0e5k2PN\ntA2cFBjLoQGULLpEApm3aDKJNHtKygnqU573xexumWaxEV43ele6KnHMbnMmUZhW\nGEPiChk037xcHIaKAZD0m27w2aHLRcgvduBOWgrVUliAL4uX8WT8SYOMqKTw1Bs5\ngzJpkpDZBvFc0GZf012N1wfRm8uaHSuxg60rR5/VoYTqwTD/FVTFFQq+VoVmojPY\nU8yZj1D8/Sly/t1N7uZH748/hNtrEQGUMSdO5iUJf44PUn2aKiciEd//aUf8V8p5\nFeQhluRzF0TDwQAAAIA9gjB3LvXJ/To+7PDDwGMlqn1VlCUnfcTjed6o31uP12gh\nEawqWgpvo+c58AAwQ/MvpI+NCWg4roNAQFdTYyVp3aPfzbTKBnddNG+y9dIuq90S\nISHi624YrygTLH+fWM5Kkd1Uvyy9+AgGQLuGpv471P8hLXeOcGRlTFqaE0xUGAAA\nAIEA5zul40e5dkYoXtSSfQNQ2qjyGCRgSd3QprYUghqQmFP2KVsqH18qw6Ws53fp\n0+rvETg/tktetfm0XcwfEgA6fHj6t80iMX+6ePxi7j0QmGZaFZkELAmACuZ4kAsv\nmcvQNk48g7cB43enuVXvTigRFBK/t49Pkpto2t2KmL1dxXUAAACBANd3pkbR9NzW\nS8favaevXJcjSpugWffp35WvYNEgq+IG+fh5ejhNyfF6ELL/q75PGW7YYUHX5UUd\ng9SusZF+iiyfLaQj35dPrZBLFZfmQymXZjAFr91hFIN/dL8tJc1NsG4aJENqWCQK\nAoEtHu1TJSGTwp05YizIJFw6lQYGQ7EFAAAAAAEC\n-----END OPENSSH PRIVATE KEY-----\n",
            "private_key_pem": "-----BEGIN RSA PRIVATE KEY-----\nMIIEpAIBAAKCAQEAwp8rPKNotPRC+gB5Ws97Jv9WgqQnbnhskOvkcTGQT29CECQD\nD7rbm4TVGAXxrfv3DyPXhX3zQuOJqvpwNWIMgAjpwugy1BFuEYquS/QBggKWiN6j\nimifB19kE2aiEtOX6wKTwxNrXni5hPz56lLppVvqlU5AsuBalpdkiKK2lkGfQsE7\nAFgfKzhvVs9d1PKbDIt65ZAnvHwIV6QiaBO4t3N5b+oHEyG4+8I/cF1Zh4/hOJ8c\nJY2W0/KEpMY4cxoUTRbOx+pQq8lPcAF1x1lNb3R0/iQeGT9lJe9a66CEM19pPoAX\n+8drttlKK2l+43wcDCXJ2gf27g8aMsvS8/nASQIDAQABAoIBAQC4S9m5tlQ05wl1\njHVelRNdvnXBiIj+h3LnWToeJn0te4HnnvJ3Ns822fagpSBTTUKLR7mTY820DZwU\nGMuhAZQsukQCmbdoMok0e0rKCepTnvfF7G6ZZrERXjd6V7oqccxucyZRmFYYQ+IK\nGTTfvFwchooBkPSbbvDZoctFyC924E5aCtVSWIAvi5fxZPxJg4yopPDUGzmDMmmS\nkNkG8VzQZl/TXY3XB9Gby5odK7GDrStHn9WhhOrBMP8VVMUVCr5WhWaiM9hTzJmP\nUPz9KXL+3U3u5kfvjz+E22sRAZQxJ07mJQl/jg9SfZoqJyIR3/9pR/xXynkV5CGW\n5HMXRMPBAoGBAOc7peNHuXZGKF7Ukn0DUNqo8hgkYEnd0Ka2FIIakJhT9ilbKh9f\nKsOlrOd36dPq7xE4P7ZLXrX5tF3MHxIAOnx4+rfNIjF/unj8Yu49EJhmWhWZBCwJ\ngArmeJALL5nL0DZOPIO3AeN3p7lV704oERQSv7ePT5KbaNrdipi9XcV1AoGBANd3\npkbR9NzWS8favaevXJcjSpugWffp35WvYNEgq+IG+fh5ejhNyfF6ELL/q75PGW7Y\nYUHX5UUdg9SusZF+iiyfLaQj35dPrZBLFZfmQymXZjAFr91hFIN/dL8tJc1NsG4a\nJENqWCQKAoEtHu1TJSGTwp05YizIJFw6lQYGQ7EFAoGBANy0YSTrO8j5M+U3rk5m\nUNE0OkbyyXkXn+TPnAmGg4bxdN6KZk0lT7MIOl2AZg3giqj78Ev16oN0wERa5TkQ\nQMK30k6HHGD0ki6Sb3cHkAR2hPtiXsoNk0pUKrUKCDgagjSjPj1V+xZ7CfrrXAtU\nUODA+H6i6gd8EHv+wyAAdzVVAoGAbGE11Sek2DQ+l/+SKDeQBkHtNEy7FHWiTkOS\nGn8plh7WO8K21H1kV7+DiNYLyEU3UMcsXJdBLrvC5QceMEYLMJi8t3SH8i9U6WCr\nMuXS4KfT8dHafStoyyAgVE1cV2F9nlQt628heLdEPT+577xD0Bjn6nfDxyzBBVc+\nQHKEOBUCgYA9gjB3LvXJ/To+7PDDwGMlqn1VlCUnfcTjed6o31uP12ghEawqWgpv\no+c58AAwQ/MvpI+NCWg4roNAQFdTYyVp3aPfzbTKBnddNG+y9dIuq90SISHi624Y\nrygTLH+fWM5Kkd1Uvyy9+AgGQLuGpv471P8hLXeOcGRlTFqaE0xUGA==\n-----END RSA PRIVATE KEY-----\n",
            "private_key_pem_pkcs8": "-----BEGIN PRIVATE KEY-----\nMIIEvgIBADANBgkqhkiG9w0BAQEFAASCBKgwggSkAgEAAoIBAQDCnys8o2i09EL6\nAHlaz3sm/1aCpCdueGyQ6+RxMZBPb0IQJAMPutubhNUYBfGt+/cPI9eFffNC44mq\n+nA1YgyACOnC6DLUEW4Riq5L9AGCApaI3qOKaJ8HX2QTZqIS05frApPDE2teeLmE\n/PnqUumlW+qVTkCy4FqWl2SIoraWQZ9CwTsAWB8rOG9Wz13U8psMi3rlkCe8fAhX\npCJoE7i3c3lv6gcTIbj7wj9wXVmHj+E4nxwljZbT8oSkxjhzGhRNFs7H6lCryU9w\nAXXHWU1vdHT+JB4ZP2Ul71rroIQzX2k+gBf7x2u22UoraX7jfBwMJcnaB/buDxoy\ny9Lz+cBJAgMBAAECggEBALhL2bm2VDTnCXWMdV6VE12+dcGIiP6HcudZOh4mfS17\ngeee8nc2zzbZ9qClIFNNQotHuZNjzbQNnBQYy6EBlCy6RAKZt2gyiTR7SsoJ6lOe\n98XsbplmsRFeN3pXuipxzG5zJlGYVhhD4goZNN+8XByGigGQ9Jtu8Nmhy0XIL3bg\nTloK1VJYgC+Ll/Fk/EmDjKik8NQbOYMyaZKQ2QbxXNBmX9NdjdcH0ZvLmh0rsYOt\nK0ef1aGE6sEw/xVUxRUKvlaFZqIz2FPMmY9Q/P0pcv7dTe7mR++PP4TbaxEBlDEn\nTuYlCX+OD1J9mionIhHf/2lH/FfKeRXkIZbkcxdEw8ECgYEA5zul40e5dkYoXtSS\nfQNQ2qjyGCRgSd3QprYUghqQmFP2KVsqH18qw6Ws53fp0+rvETg/tktetfm0Xcwf\nEgA6fHj6t80iMX+6ePxi7j0QmGZaFZkELAmACuZ4kAsvmcvQNk48g7cB43enuVXv\nTigRFBK/t49Pkpto2t2KmL1dxXUCgYEA13emRtH03NZLx9q9p69clyNKm6BZ9+nf\nla9g0SCr4gb5+Hl6OE3J8XoQsv+rvk8ZbthhQdflRR2D1K6xkX6KLJ8tpCPfl0+t\nkEsVl+ZDKZdmMAWv3WEUg390vy0lzU2wbhokQ2pYJAoCgS0e7VMlIZPCnTliLMgk\nXDqVBgZDsQUCgYEA3LRhJOs7yPkz5TeuTmZQ0TQ6RvLJeRef5M+cCYaDhvF03opm\nTSVPswg6XYBmDeCKqPvwS/Xqg3TARFrlORBAwrfSToccYPSSLpJvdweQBHaE+2Je\nyg2TSlQqtQoIOBqCNKM+PVX7FnsJ+utcC1RQ4MD4fqLqB3wQe/7DIAB3NVUCgYBs\nYTXVJ6TYND6X/5IoN5AGQe00TLsUdaJOQ5IafymWHtY7wrbUfWRXv4OI1gvIRTdQ\nxyxcl0Euu8LlBx4wRgswmLy3dIfyL1TpYKsy5dLgp9Px0dp9K2jLICBUTVxXYX2e\nVC3rbyF4t0Q9P7nvvEPQGOfqd8PHLMEFVz5AcoQ4FQKBgD2CMHcu9cn9Oj7s8MPA\nYyWqfVWUJSd9xON53qjfW4/XaCERrCpaCm+j5znwADBD8y+kj40JaDiug0BAV1Nj\nJWndo9/NtMoGd100b7L10i6r3RIhIeLrbhivKBMsf59YzkqR3VS/LL34CAZAu4am\n/jvU/yEtd45wZGVMWpoTTFQY\n-----END PRIVATE KEY-----\n",
            "public_key_fingerprint_md5": "e4:75:5d:a9:d1:c4:b9:91:4c:33:ad:b1:de:d6:0b:21",
            "public_key_fingerprint_sha256": "SHA256:7eSmDO36a0GsoI+vyk7mi1KktaBAD/KufSuXZYgHTAE",
            "public_key_openssh": "ssh-rsa AAAAB3NzaC1yc2EAAAADAQABAAABAQDCnys8o2i09EL6AHlaz3sm/1aCpCdueGyQ6+RxMZBPb0IQJAMPutubhNUYBfGt+/cPI9eFffNC44mq+nA1YgyACOnC6DLUEW4Riq5L9AGCApaI3qOKaJ8HX2QTZqIS05frApPDE2teeLmE/PnqUumlW+qVTkCy4FqWl2SIoraWQZ9CwTsAWB8rOG9Wz13U8psMi3rlkCe8fAhXpCJoE7i3c3lv6gcTIbj7wj9wXVmHj+E4nxwljZbT8oSkxjhzGhRNFs7H6lCryU9wAXXHWU1vdHT+JB4ZP2Ul71rroIQzX2k+gBf7x2u22UoraX7jfBwMJcnaB/buDxoyy9Lz+cBJ\n",
            "public_key_pem": "-----BEGIN PUBLIC KEY-----\nMIIBIjANBgkqhkiG9w0BAQEFAAOCAQ8AMIIBCgKCAQEAwp8rPKNotPRC+gB5Ws97\nJv9WgqQnbnhskOvkcTGQT29CECQDD7rbm4TVGAXxrfv3DyPXhX3zQuOJqvpwNWIM\ngAjpwugy1BFuEYquS/QBggKWiN6jimifB19kE2aiEtOX6wKTwxNrXni5hPz56lLp\npVvqlU5AsuBalpdkiKK2lkGfQsE7AFgfKzhvVs9d1PKbDIt65ZAnvHwIV6QiaBO4\nt3N5b+oHEyG4+8I/cF1Zh4/hOJ8cJY2W0/KEpMY4cxoUTRbOx+pQq8lPcAF1x1lN\nb3R0/iQeGT9lJe9a66CEM19pPoAX+8drttlKK2l+43wcDCXJ2gf27g8aMsvS8/nA\nSQIDAQAB\n-----END PUBLIC KEY-----\n",
            "rsa_bits": 2048
          },
          "sensitive_attributes": [
            [
              {
                "type": "get_attr",
                "value": "private_key_pem_pkcs8"
              }
            ],
            [
              {
                "type": "get_attr",
                "value": "private_key_openssh"
              }
            ],
            [
              {
                "type": "get_attr",
                "value": "private_key_pem"
              }
            ]
          ]
        }
      ]
    }
  ],
  "check_results": null
}
