{
  "version": 4,
  "terraform_version": "1.9.8",
  "serial": 48,
  "lineage": "eff36f1e-661c-c92c-6918-8abb2531b703",
  "outputs": {},
  "resources": [
    {
      "mode": "managed",
      "type": "aws_vpc",
      "name": "Armageddon_London",
      "provider": "provider[\"registry.terraform.io/hashicorp/aws\"]",
      "instances": [
        {
          "schema_version": 1,
          "attributes": {
            "arn": "arn:aws:ec2:us-east-1:891377214961:vpc/vpc-08e96f182556668f1",
            "assign_generated_ipv6_cidr_block": false,
            "cidr_block": "10.57.0.0/16",
            "default_network_acl_id": "acl-04fce23d39d672ff2",
            "default_route_table_id": "rtb-0c846837cf6afe9ee",
            "default_security_group_id": "sg-0288605920f675604",
            "dhcp_options_id": "dopt-081c2fedc6bdd3336",
            "enable_classiclink": false,
            "enable_classiclink_dns_support": false,
            "enable_dns_hostnames": false,
            "enable_dns_support": true,
            "id": "vpc-08e96f182556668f1",
            "instance_tenancy": "default",
            "ipv4_ipam_pool_id": null,
            "ipv4_netmask_length": null,
            "ipv6_association_id": "",
            "ipv6_cidr_block": "",
            "ipv6_cidr_block_network_border_group": "",
            "ipv6_ipam_pool_id": "",
            "ipv6_netmask_length": 0,
            "main_route_table_id": "rtb-0c846837cf6afe9ee",
            "owner_id": "891377214961",
            "tags": {
              "Name": "TheKingdom",
              "Owner": "Lemons",
              "Planet": "TheKingdom1",
              "Service": "setup1"
            },
            "tags_all": {
              "Name": "TheKingdom",
              "Owner": "Lemons",
              "Planet": "TheKingdom1",
              "Service": "setup1"
            }
          },
          "sensitive_attributes": [],
          "private": "eyJzY2hlbWFfdmVyc2lvbiI6IjEifQ=="
        }
      ]
    },
    {
      "mode": "managed",
      "type": "aws_vpc",
      "name": "Armageddon_Tokyo",
      "provider": "provider[\"registry.terraform.io/hashicorp/aws\"]",
      "instances": [
        {
          "schema_version": 1,
          "attributes": {
            "arn": "arn:aws:ec2:us-east-1:891377214961:vpc/vpc-049498156dcc3c290",
            "assign_generated_ipv6_cidr_block": false,
            "cidr_block": "10.51.0.0/16",
            "default_network_acl_id": "acl-062030f7304436a05",
            "default_route_table_id": "rtb-00b492057f298f918",
            "default_security_group_id": "sg-0b6795708668840e6",
            "dhcp_options_id": "dopt-081c2fedc6bdd3336",
            "enable_classiclink": false,
            "enable_classiclink_dns_support": false,
            "enable_dns_hostnames": false,
            "enable_dns_support": true,
            "id": "vpc-049498156dcc3c290",
            "instance_tenancy": "default",
            "ipv4_ipam_pool_id": null,
            "ipv4_netmask_length": null,
            "ipv6_association_id": "",
            "ipv6_cidr_block": "",
            "ipv6_cidr_block_network_border_group": "",
            "ipv6_ipam_pool_id": "",
            "ipv6_netmask_length": 0,
            "main_route_table_id": "rtb-00b492057f298f918",
            "owner_id": "891377214961",
            "tags": {
              "Country": "Japan",
              "Name": "TheKingdom",
              "Owner": "Lemons",
              "Planet": "TheKingdom1",
              "Service": "setup1"
            },
            "tags_all": {
              "Country": "Japan",
              "Name": "TheKingdom",
              "Owner": "Lemons",
              "Planet": "TheKingdom1",
              "Service": "setup1"
            }
          },
          "sensitive_attributes": [],
          "private": "eyJzY2hlbWFfdmVyc2lvbiI6IjEifQ=="
        }
      ]
    }
  ],
  "check_results": null
}
